// !$*UTF8*$!
{
	archiveVersion = 1;
	classes = {
	};
	objectVersion = 77;
	objects = {

/* Begin PBXBuildFile section */
		B30569372F76F50E0018A25F /* FirebaseAuth in Frameworks */ = {isa = PBXBuildFile; productRef = B30569362F76F50E0018A25F /* FirebaseAuth */; };
		B30569392F76F50E0018A25F /* FirebaseFirestore in Frameworks */ = {isa = PBXBuildFile; productRef = B30569382F76F50E0018A25F /* FirebaseFirestore */; };
		B307BD502FBB0D6500E776C0 /* UserNotifications.framework in Frameworks */ = {isa = PBXBuildFile; fileRef = B307BD4F2FBB0D6400E776C0 /* UserNotifications.framework */; };
		B307BD522FBB0D6500E776C0 /* UserNotificationsUI.framework in Frameworks */ = {isa = PBXBuildFile; fileRef = B307BD512FBB0D6500E776C0 /* UserNotificationsUI.framework */; };
		B307BD5C2FBB0D6500E776C0 /* TipNotificationExtension.appex in Embed Foundation Extensions */ = {isa = PBXBuildFile; fileRef = B307BD4D2FBB0D6400E776C0 /* TipNotificationExtension.appex */; settings = {ATTRIBUTES = (RemoveHeadersOnCopy, ); }; };
		B3A10A0B2FCECCAC006E655D /* FirebaseMessaging in Frameworks */ = {isa = PBXBuildFile; productRef = B3A10A0A2FCECCAC006E655D /* FirebaseMessaging */; };
		B3D60F962FD08C60008D2757 /* GoogleSignIn in Frameworks */ = {isa = PBXBuildFile; productRef = B3D60F952FD08C60008D2757 /* GoogleSignIn */; };
		B3D60F982FD08C60008D2757 /* GoogleSignInSwift in Frameworks */ = {isa = PBXBuildFile; productRef = B3D60F972FD08C60008D2757 /* GoogleSignInSwift */; };
/* End PBXBuildFile section */

/* Begin PBXContainerItemProxy section */
		B307BD5A2FBB0D6500E776C0 /* PBXContainerItemProxy */ = {
			isa = PBXContainerItemProxy;
			containerPortal = B3FBDA302EF02BCC00198DD6 /* Project object */;
			proxyType = 1;
			remoteGlobalIDString = B307BD4C2FBB0D6400E776C0;
			remoteInfo = TipNotificationExtension;
		};
/* End PBXContainerItemProxy section */

/* Begin PBXCopyFilesBuildPhase section */
		B307BD612FBB0D6500E776C0 /* Embed Foundation Extensions */ = {
			isa = PBXCopyFilesBuildPhase;
			buildActionMask = 2147483647;
			dstPath = "";
			dstSubfolderSpec = 13;
			files = (
				B307BD5C2FBB0D6500E776C0 /* TipNotificationExtension.appex in Embed Foundation Extensions */,
			);
			name = "Embed Foundation Extensions";
			runOnlyForDeploymentPostprocessing = 0;
		};
/* End PBXCopyFilesBuildPhase section */

/* Begin PBXFileReference section */
		B307BD4D2FBB0D6400E776C0 /* TipNotificationExtension.appex */ = {isa = PBXFileReference; explicitFileType = "wrapper.app-extension"; includeInIndex = 0; path = TipNotificationExtension.appex; sourceTree = BUILT_PRODUCTS_DIR; };
		B307BD4F2FBB0D6400E776C0 /* UserNotifications.framework */ = {isa = PBXFileReference; lastKnownFileType = wrapper.framework; name = UserNotifications.framework; path = System/Library/Frameworks/UserNotifications.framework; sourceTree = SDKROOT; };
		B307BD512FBB0D6500E776C0 /* UserNotificationsUI.framework */ = {isa = PBXFileReference; lastKnownFileType = wrapper.framework; name = UserNotificationsUI.framework; path = System/Library/Frameworks/UserNotificationsUI.framework; sourceTree = SDKROOT; };
		B3FBDA382EF02BCC00198DD6 /* One Kick.app */ = {isa = PBXFileReference; explicitFileType = wrapper.application; includeInIndex = 0; path = "One Kick.app"; sourceTree = BUILT_PRODUCTS_DIR; };
		B3FBDA992EF09ABC00198DD6 /* firestore.rules */ = {isa = PBXFileReference; lastKnownFileType = text; path = firestore.rules; sourceTree = "<group>"; };
/* End PBXFileReference section */

/* Begin PBXFileSystemSynchronizedBuildFileExceptionSet section */
		B307BD5D2FBB0D6500E776C0 /* Exceptions for "TipNotificationExtension" folder in "TipNotificationExtension" target */ = {
			isa = PBXFileSystemSynchronizedBuildFileExceptionSet;
			membershipExceptions = (
				Info.plist,
			);
			target = B307BD4C2FBB0D6400E776C0 /* TipNotificationExtension */;
		};
/* End PBXFileSystemSynchronizedBuildFileExceptionSet section */

/* Begin PBXFileSystemSynchronizedRootGroup section */
		B307BD532FBB0D6500E776C0 /* TipNotificationExtension */ = {
			isa = PBXFileSystemSynchronizedRootGroup;
			exceptions = (
				B307BD5D2FBB0D6500E776C0 /* Exceptions for "TipNotificationExtension" folder in "TipNotificationExtension" target */,
			);
			path = TipNotificationExtension;
			sourceTree = "<group>";
		};
		B3FBDA3A2EF02BCC00198DD6 /* One Kick */ = {
			isa = PBXFileSystemSynchronizedRootGroup;
			path = "One Kick";
			sourceTree = "<group>";
		};
/* End PBXFileSystemSynchronizedRootGroup section */

/* Begin PBXFrameworksBuildPhase section */
		B307BD4A2FBB0D6400E776C0 /* Frameworks */ = {
			isa = PBXFrameworksBuildPhase;
			buildActionMask = 2147483647;
			files = (
				B307BD522FBB0D6500E776C0 /* UserNotificationsUI.framework in Frameworks */,
				B307BD502FBB0D6500E776C0 /* UserNotifications.framework in Frameworks */,
			);
			runOnlyForDeploymentPostprocessing = 0;
		};
		B3FBDA352EF02BCC00198DD6 /* Frameworks */ = {
			isa = PBXFrameworksBuildPhase;
			buildActionMask = 2147483647;
			files = (
				B3D60F982FD08C60008D2757 /* GoogleSignInSwift in Frameworks */,
				B3A10A0B2FCECCAC006E655D /* FirebaseMessaging in Frameworks */,
				B3D60F962FD08C60008D2757 /* GoogleSignIn in Frameworks */,
				B30569372F76F50E0018A25F /* FirebaseAuth in Frameworks */,
				B30569392F76F50E0018A25F /* FirebaseFirestore in Frameworks */,
			);
			runOnlyForDeploymentPostprocessing = 0;
		};
/* End PBXFrameworksBuildPhase section */

/* Begin PBXGroup section */
		B307BD4E2FBB0D6400E776C0 /* Frameworks */ = {
			isa = PBXGroup;
			children = (
				B307BD4F2FBB0D6400E776C0 /* UserNotifications.framework */,
				B307BD512FBB0D6500E776C0 /* UserNotificationsUI.framework */,
			);
			name = Frameworks;
			sourceTree = "<group>";
		};
		B3FBDA2F2EF02BCC00198DD6 = {
			isa = PBXGroup;
			children = (
				B3FBDA992EF09ABC00198DD6 /* firestore.rules */,
				B3FBDA3A2EF02BCC00198DD6 /* One Kick */,
				B307BD532FBB0D6500E776C0 /* TipNotificationExtension */,
				B307BD4E2FBB0D6400E776C0 /* Frameworks */,
				B3FBDA392EF02BCC00198DD6 /* Products */,
			);
			sourceTree = "<group>";
		};
		B3FBDA392EF02BCC00198DD6 /* Products */ = {
			isa = PBXGroup;
			children = (
				B3FBDA382EF02BCC00198DD6 /* One Kick.app */,
				B307BD4D2FBB0D6400E776C0 /* TipNotificationExtension.appex */,
			);
			name = Products;
			sourceTree = "<group>";
		};
/* End PBXGroup section */

/* Begin PBXNativeTarget section */
		B307BD4C2FBB0D6400E776C0 /* TipNotificationExtension */ = {
			isa = PBXNativeTarget;
			buildConfigurationList = B307BD5E2FBB0D6500E776C0 /* Build configuration list for PBXNativeTarget "TipNotificationExtension" */;
			buildPhases = (
				B307BD492FBB0D6400E776C0 /* Sources */,
				B307BD4A2FBB0D6400E776C0 /* Frameworks */,
				B307BD4B2FBB0D6400E776C0 /* Resources */,
			);
			buildRules = (
			);
			dependencies = (
			);
			fileSystemSynchronizedGroups = (
				B307BD532FBB0D6500E776C0 /* TipNotificationExtension */,
			);
			name = TipNotificationExtension;
			packageProductDependencies = (
			);
			productName = TipNotificationExtension;
			productReference = B307BD4D2FBB0D6400E776C0 /* TipNotificationExtension.appex */;
			productType = "com.apple.product-type.app-extension";
		};
		B3FBDA372EF02BCC00198DD6 /* One Kick */ = {
			isa = PBXNativeTarget;
			buildConfigurationList = B3FBDA432EF02BCE00198DD6 /* Build configuration list for PBXNativeTarget "One Kick" */;
			buildPhases = (
				B3FBDA342EF02BCC00198DD6 /* Sources */,
				B3FBDA352EF02BCC00198DD6 /* Frameworks */,
				B3FBDA362EF02BCC00198DD6 /* Resources */,
				B307BD612FBB0D6500E776C0 /* Embed Foundation Extensions */,
			);
			buildRules = (
			);
			dependencies = (
				B307BD5B2FBB0D6500E776C0 /* PBXTargetDependency */,
			);
			fileSystemSynchronizedGroups = (
				B3FBDA3A2EF02BCC00198DD6 /* One Kick */,
			);
			name = "One Kick";
			packageProductDependencies = (
				B30569362F76F50E0018A25F /* FirebaseAuth */,
				B30569382F76F50E0018A25F /* FirebaseFirestore */,
				B3A10A0A2FCECCAC006E655D /* FirebaseMessaging */,
				B3D60F952FD08C60008D2757 /* GoogleSignIn */,
				B3D60F972FD08C60008D2757 /* GoogleSignInSwift */,
			);
			productName = "One Kick";
			productReference = B3FBDA382EF02BCC00198DD6 /* One Kick.app */;
			productType = "com.apple.product-type.application";
		};
/* End PBXNativeTarget section */

/* Begin PBXProject section */
		B3FBDA302EF02BCC00198DD6 /* Project object */ = {
			isa = PBXProject;
			attributes = {
				BuildIndependentTargetsInParallel = 1;
				LastSwiftUpdateCheck = 2650;
				LastUpgradeCheck = 2610;
				TargetAttributes = {
					B307BD4C2FBB0D6400E776C0 = {
						CreatedOnToolsVersion = 26.5;
					};
					B3FBDA372EF02BCC00198DD6 = {
						CreatedOnToolsVersion = 26.1.1;
					};
				};
			};
			buildConfigurationList = B3FBDA332EF02BCC00198DD6 /* Build configuration list for PBXProject "One Kick" */;
			developmentRegion = de;
			hasScannedForEncodings = 0;
			knownRegions = (
				de,
				en,
				nl,
				fr,
				Base,
				it,
				es,
				da,
			);
			mainGroup = B3FBDA2F2EF02BCC00198DD6;
			minimizedProjectReferenceProxies = 1;
			packageReferences = (
				B30569352F76F50E0018A25F /* XCRemoteSwiftPackageReference "firebase-ios-sdk" */,
				B3D60F942FD08C60008D2757 /* XCRemoteSwiftPackageReference "GoogleSignIn-iOS" */,
			);
			preferredProjectObjectVersion = 77;
			productRefGroup = B3FBDA392EF02BCC00198DD6 /* Products */;
			projectDirPath = "";
			projectRoot = "";
			targets = (
				B3FBDA372EF02BCC00198DD6 /* One Kick */,
				B307BD4C2FBB0D6400E776C0 /* TipNotificationExtension */,
			);
		};
/* End PBXProject section */

/* Begin PBXResourcesBuildPhase section */
		B307BD4B2FBB0D6400E776C0 /* Resources */ = {
			isa = PBXResourcesBuildPhase;
			buildActionMask = 2147483647;
			files = (
			);
			runOnlyForDeploymentPostprocessing = 0;
		};
		B3FBDA362EF02BCC00198DD6 /* Resources */ = {
			isa = PBXResourcesBuildPhase;
			buildActionMask = 2147483647;
			files = (
			);
			runOnlyForDeploymentPostprocessing = 0;
		};
/* End PBXResourcesBuildPhase section */

/* Begin PBXSourcesBuildPhase section */
		B307BD492FBB0D6400E776C0 /* Sources */ = {
			isa = PBXSourcesBuildPhase;
			buildActionMask = 2147483647;
			files = (
			);
			runOnlyForDeploymentPostprocessing = 0;
		};
		B3FBDA342EF02BCC00198DD6 /* Sources */ = {
			isa = PBXSourcesBuildPhase;
			buildActionMask = 2147483647;
			files = (
			);
			runOnlyForDeploymentPostprocessing = 0;
		};
/* End PBXSourcesBuildPhase section */

/* Begin PBXTargetDependency section */
		B307BD5B2FBB0D6500E776C0 /* PBXTargetDependency */ = {
			isa = PBXTargetDependency;
			target = B307BD4C2FBB0D6400E776C0 /* TipNotificationExtension */;
			targetProxy = B307BD5A2FBB0D6500E776C0 /* PBXContainerItemProxy */;
		};
/* End PBXTargetDependency section */

/* Begin XCBuildConfiguration section */
		B307BD5F2FBB0D6500E776C0 /* Debug */ = {
			isa = XCBuildConfiguration;
			buildSettings = {
				CODE_SIGN_ENTITLEMENTS = TipNotificationExtension/TipNotificationExtension.entitlements;
				CODE_SIGN_STYLE = Automatic;
				CURRENT_PROJECT_VERSION = 1;
				DEVELOPMENT_TEAM = FCGG86Y2QQ;
				GENERATE_INFOPLIST_FILE = YES;
				INFOPLIST_FILE = TipNotificationExtension/Info.plist;
				INFOPLIST_KEY_CFBundleDisplayName = TipNotificationExtension;
				INFOPLIST_KEY_NSHumanReadableCopyright = "";
				IPHONEOS_DEPLOYMENT_TARGET = 26.5;
				LD_RUNPATH_SEARCH_PATHS = (
					"$(inherited)",
					"@executable_path/Frameworks",
					"@executable_path/../../Frameworks",
				);
				MARKETING_VERSION = 1.0;
				PRODUCT_BUNDLE_IDENTIFIER = "com.Benni.One-Kick.TipNotificationExtension";
				PRODUCT_NAME = "$(TARGET_NAME)";
				SKIP_INSTALL = YES;
				STRING_CATALOG_GENERATE_SYMBOLS = YES;
				SWIFT_APPROACHABLE_CONCURRENCY = YES;
				SWIFT_EMIT_LOC_STRINGS = YES;
				SWIFT_VERSION = 5.0;
				TARGETED_DEVICE_FAMILY = "1,2";
			};
			name = Debug;
		};
		B307BD602FBB0D6500E776C0 /* Release */ = {
			isa = XCBuildConfiguration;
			buildSettings = {
				CODE_SIGN_ENTITLEMENTS = TipNotificationExtension/TipNotificationExtension.entitlements;
				CODE_SIGN_STYLE = Automatic;
				CURRENT_PROJECT_VERSION = 1;
				DEVELOPMENT_TEAM = FCGG86Y2QQ;
				GENERATE_INFOPLIST_FILE = YES;
				INFOPLIST_FILE = TipNotificationExtension/Info.plist;
				INFOPLIST_KEY_CFBundleDisplayName = TipNotificationExtension;
				INFOPLIST_KEY_NSHumanReadableCopyright = "";
				IPHONEOS_DEPLOYMENT_TARGET = 26.5;
				LD_RUNPATH_SEARCH_PATHS = (
					"$(inherited)",
					"@executable_path/Frameworks",
					"@executable_path/../../Frameworks",
				);
				MARKETING_VERSION = 1.0;
				PRODUCT_BUNDLE_IDENTIFIER = "com.Benni.One-Kick.TipNotificationExtension";
				PRODUCT_NAME = "$(TARGET_NAME)";
				SKIP_INSTALL = YES;
				STRING_CATALOG_GENERATE_SYMBOLS = YES;
				SWIFT_APPROACHABLE_CONCURRENCY = YES;
				SWIFT_EMIT_LOC_STRINGS = YES;
				SWIFT_VERSION = 5.0;
				TARGETED_DEVICE_FAMILY = "1,2";
			};
			name = Release;
		};
		B3FBDA412EF02BCE00198DD6 /* Debug */ = {
			isa = XCBuildConfiguration;
			buildSettings = {
				ALWAYS_SEARCH_USER_PATHS = NO;
				ASSETCATALOG_COMPILER_GENERATE_SWIFT_ASSET_SYMBOL_EXTENSIONS = YES;
				CLANG_ANALYZER_NONNULL = YES;
				CLANG_ANALYZER_NUMBER_OBJECT_CONVERSION = YES_AGGRESSIVE;
				CLANG_CXX_LANGUAGE_STANDARD = "gnu++20";
				CLANG_ENABLE_MODULES = YES;
				CLANG_ENABLE_OBJC_ARC = YES;
				CLANG_ENABLE_OBJC_WEAK = YES;
				CLANG_WARN_BLOCK_CAPTURE_AUTORELEASING = YES;
				CLANG_WARN_BOOL_CONVERSION = YES;
				CLANG_WARN_COMMA = YES;
				CLANG_WARN_CONSTANT_CONVERSION = YES;
				CLANG_WARN_DEPRECATED_OBJC_IMPLEMENTATIONS = YES;
				CLANG_WARN_DIRECT_OBJC_ISA_USAGE = YES_ERROR;
				CLANG_WARN_DOCUMENTATION_COMMENTS = YES;
				CLANG_WARN_EMPTY_BODY = YES;
				CLANG_WARN_ENUM_CONVERSION = YES;
				CLANG_WARN_INFINITE_RECURSION = YES;
				CLANG_WARN_INT_CONVERSION = YES;
				CLANG_WARN_NON_LITERAL_NULL_CONVERSION = YES;
				CLANG_WARN_OBJC_IMPLICIT_RETAIN_SELF = YES;
				CLANG_WARN_OBJC_LITERAL_CONVERSION = YES;
				CLANG_WARN_OBJC_ROOT_CLASS = YES_ERROR;
				CLANG_WARN_QUOTED_INCLUDE_IN_FRAMEWORK_HEADER = YES;
				CLANG_WARN_RANGE_LOOP_ANALYSIS = YES;
				CLANG_WARN_STRICT_PROTOTYPES = YES;
				CLANG_WARN_SUSPICIOUS_MOVE = YES;
				CLANG_WARN_UNGUARDED_AVAILABILITY = YES_AGGRESSIVE;
				CLANG_WARN_UNREACHABLE_CODE = YES;
				CLANG_WARN__DUPLICATE_METHOD_MATCH = YES;
				COPY_PHASE_STRIP = NO;
				DEBUG_INFORMATION_FORMAT = dwarf;
				ENABLE_STRICT_OBJC_MSGSEND = YES;
				ENABLE_TESTABILITY = YES;
				ENABLE_USER_SCRIPT_SANDBOXING = YES;
				GCC_C_LANGUAGE_STANDARD = gnu17;
				GCC_DYNAMIC_NO_PIC = NO;
				GCC_NO_COMMON_BLOCKS = YES;
				GCC_OPTIMIZATION_LEVEL = 0;
				GCC_PREPROCESSOR_DEFINITIONS = (
					"DEBUG=1",
					"$(inherited)",
				);
				GCC_WARN_64_TO_32_BIT_CONVERSION = YES;
				GCC_WARN_ABOUT_RETURN_TYPE = YES_ERROR;
				GCC_WARN_UNDECLARED_SELECTOR = YES;
				GCC_WARN_UNINITIALIZED_AUTOS = YES_AGGRESSIVE;
				GCC_WARN_UNUSED_FUNCTION = YES;
				GCC_WARN_UNUSED_VARIABLE = YES;
				IPHONEOS_DEPLOYMENT_TARGET = 17.0;
				LOCALIZATION_PREFERS_STRING_CATALOGS = YES;
				MTL_ENABLE_DEBUG_INFO = INCLUDE_SOURCE;
				MTL_FAST_MATH = YES;
				ONLY_ACTIVE_ARCH = YES;
				SDKROOT = iphoneos;
				SWIFT_ACTIVE_COMPILATION_CONDITIONS = "DEBUG $(inherited)";
				SWIFT_OPTIMIZATION_LEVEL = "-Onone";
			};
			name = Debug;
		};
		B3FBDA422EF02BCE00198DD6 /* Release */ = {
			isa = XCBuildConfiguration;
			buildSettings = {
				ALWAYS_SEARCH_USER_PATHS = NO;
				ASSETCATALOG_COMPILER_GENERATE_SWIFT_ASSET_SYMBOL_EXTENSIONS = YES;
				CLANG_ANALYZER_NONNULL = YES;
				CLANG_ANALYZER_NUMBER_OBJECT_CONVERSION = YES_AGGRESSIVE;
				CLANG_CXX_LANGUAGE_STANDARD = "gnu++20";
				CLANG_ENABLE_MODULES = YES;
				CLANG_ENABLE_OBJC_ARC = YES;
				CLANG_ENABLE_OBJC_WEAK = YES;
				CLANG_WARN_BLOCK_CAPTURE_AUTORELEASING = YES;
				CLANG_WARN_BOOL_CONVERSION = YES;
				CLANG_WARN_COMMA = YES;
				CLANG_WARN_CONSTANT_CONVERSION = YES;
				CLANG_WARN_DEPRECATED_OBJC_IMPLEMENTATIONS = YES;
				CLANG_WARN_DIRECT_OBJC_ISA_USAGE = YES_ERROR;
				CLANG_WARN_DOCUMENTATION_COMMENTS = YES;
				CLANG_WARN_EMPTY_BODY = YES;
				CLANG_WARN_ENUM_CONVERSION = YES;
				CLANG_WARN_INFINITE_RECURSION = YES;
				CLANG_WARN_INT_CONVERSION = YES;
				CLANG_WARN_NON_LITERAL_NULL_CONVERSION = YES;
				CLANG_WARN_OBJC_IMPLICIT_RETAIN_SELF = YES;
				CLANG_WARN_OBJC_LITERAL_CONVERSION = YES;
				CLANG_WARN_OBJC_ROOT_CLASS = YES_ERROR;
				CLANG_WARN_QUOTED_INCLUDE_IN_FRAMEWORK_HEADER = YES;
				CLANG_WARN_RANGE_LOOP_ANALYSIS = YES;
				CLANG_WARN_STRICT_PROTOTYPES = YES;
				CLANG_WARN_SUSPICIOUS_MOVE = YES;
				CLANG_WARN_UNGUARDED_AVAILABILITY = YES_AGGRESSIVE;
				CLANG_WARN_UNREACHABLE_CODE = YES;
				CLANG_WARN__DUPLICATE_METHOD_MATCH = YES;
				COPY_PHASE_STRIP = NO;
				DEBUG_INFORMATION_FORMAT = "dwarf-with-dsym";
				ENABLE_NS_ASSERTIONS = NO;
				ENABLE_STRICT_OBJC_MSGSEND = YES;
				ENABLE_USER_SCRIPT_SANDBOXING = YES;
				GCC_C_LANGUAGE_STANDARD = gnu17;
				GCC_NO_COMMON_BLOCKS = YES;
				GCC_WARN_64_TO_32_BIT_CONVERSION = YES;
				GCC_WARN_ABOUT_RETURN_TYPE = YES_ERROR;
				GCC_WARN_UNDECLARED_SELECTOR = YES;
				GCC_WARN_UNINITIALIZED_AUTOS = YES_AGGRESSIVE;
				GCC_WARN_UNUSED_FUNCTION = YES;
				GCC_WARN_UNUSED_VARIABLE = YES;
				IPHONEOS_DEPLOYMENT_TARGET = 17.0;
				LOCALIZATION_PREFERS_STRING_CATALOGS = YES;
				MTL_ENABLE_DEBUG_INFO = NO;
				MTL_FAST_MATH = YES;
				SDKROOT = iphoneos;
				SWIFT_COMPILATION_MODE = wholemodule;
				VALIDATE_PRODUCT = YES;
			};
			name = Release;
		};
		B3FBDA442EF02BCE00198DD6 /* Debug */ = {
			isa = XCBuildConfiguration;
			buildSettings = {
				ASSETCATALOG_COMPILER_APPICON_NAME = AppIcon;
				ASSETCATALOG_COMPILER_GLOBAL_ACCENT_COLOR_NAME = AccentColor;
				CODE_SIGN_ENTITLEMENTS = "One Kick/One Kick.entitlements";
				CODE_SIGN_STYLE = Automatic;
				CURRENT_PROJECT_VERSION = 9;
				DEVELOPMENT_TEAM = FCGG86Y2QQ;
				ENABLE_PREVIEWS = YES;
				GENERATE_INFOPLIST_FILE = YES;
				INFOPLIST_FILE = "One-Kick-Info.plist";
				INFOPLIST_KEY_NSCameraUsageDescription = "One Kick benötigt Zugriff auf die Kamera, damit du ein Logo für deine Community aufnehmen kannst.";
				INFOPLIST_KEY_NSPhotoLibraryUsageDescription = "One Kick benötigt Zugriff auf deine Fotobibliothek, um ein Logo für deine Community auszuwählen.";
				INFOPLIST_KEY_UIApplicationSceneManifest_Generation = YES;
				INFOPLIST_KEY_UIApplicationSupportsIndirectInputEvents = YES;
				INFOPLIST_KEY_UILaunchScreen_Generation = YES;
				INFOPLIST_KEY_UISupportedInterfaceOrientations_iPad = "UIInterfaceOrientationPortrait UIInterfaceOrientationPortraitUpsideDown UIInterfaceOrientationLandscapeLeft UIInterfaceOrientationLandscapeRight";
				INFOPLIST_KEY_UISupportedInterfaceOrientations_iPhone = "UIInterfaceOrientationPortrait UIInterfaceOrientationLandscapeLeft UIInterfaceOrientationLandscapeRight";
				LD_RUNPATH_SEARCH_PATHS = (
					"$(inherited)",
					"@executable_path/Frameworks",
				);
				MARKETING_VERSION = 1.6;
				PRODUCT_BUNDLE_IDENTIFIER = "com.Benni.One-Kick";
				PRODUCT_NAME = "$(TARGET_NAME)";
				STRING_CATALOG_GENERATE_SYMBOLS = YES;
				SWIFT_APPROACHABLE_CONCURRENCY = YES;
				SWIFT_DEFAULT_ACTOR_ISOLATION = MainActor;
				SWIFT_EMIT_LOC_STRINGS = YES;
				SWIFT_VERSION = 5.0;
				TARGETED_DEVICE_FAMILY = 1;
			};
			name = Debug;
		};
		B3FBDA452EF02BCE00198DD6 /* Release */ = {
			isa = XCBuildConfiguration;
			buildSettings = {
				ASSETCATALOG_COMPILER_APPICON_NAME = AppIcon;
				ASSETCATALOG_COMPILER_GLOBAL_ACCENT_COLOR_NAME = AccentColor;
				CODE_SIGN_ENTITLEMENTS = "One Kick/One Kick.entitlements";
				CODE_SIGN_STYLE = Automatic;
				CURRENT_PROJECT_VERSION = 9;
				DEVELOPMENT_TEAM = FCGG86Y2QQ;
				ENABLE_PREVIEWS = YES;
				GENERATE_INFOPLIST_FILE = YES;
				INFOPLIST_FILE = "One-Kick-Info.plist";
				INFOPLIST_KEY_NSCameraUsageDescription = "One Kick benötigt Zugriff auf die Kamera, damit du ein Logo für deine Community aufnehmen kannst.";
				INFOPLIST_KEY_NSPhotoLibraryUsageDescription = "One Kick benötigt Zugriff auf deine Fotobibliothek, um ein Logo für deine Community auszuwählen.";
				INFOPLIST_KEY_UIApplicationSceneManifest_Generation = YES;
				INFOPLIST_KEY_UIApplicationSupportsIndirectInputEvents = YES;
				INFOPLIST_KEY_UILaunchScreen_Generation = YES;
				INFOPLIST_KEY_UISupportedInterfaceOrientations_iPad = "UIInterfaceOrientationPortrait UIInterfaceOrientationPortraitUpsideDown UIInterfaceOrientationLandscapeLeft UIInterfaceOrientationLandscapeRight";
				INFOPLIST_KEY_UISupportedInterfaceOrientations_iPhone = "UIInterfaceOrientationPortrait UIInterfaceOrientationLandscapeLeft UIInterfaceOrientationLandscapeRight";
				LD_RUNPATH_SEARCH_PATHS = (
					"$(inherited)",
					"@executable_path/Frameworks",
				);
				MARKETING_VERSION = 1.6;
				PRODUCT_BUNDLE_IDENTIFIER = "com.Benni.One-Kick";
				PRODUCT_NAME = "$(TARGET_NAME)";
				STRING_CATALOG_GENERATE_SYMBOLS = YES;
				SWIFT_APPROACHABLE_CONCURRENCY = YES;
				SWIFT_DEFAULT_ACTOR_ISOLATION = MainActor;
				SWIFT_EMIT_LOC_STRINGS = YES;
				SWIFT_VERSION = 5.0;
				TARGETED_DEVICE_FAMILY = 1;
			};
			name = Release;
		};
/* End XCBuildConfiguration section */

/* Begin XCConfigurationList section */
		B307BD5E2FBB0D6500E776C0 /* Build configuration list for PBXNativeTarget "TipNotificationExtension" */ = {
			isa = XCConfigurationList;
			buildConfigurations = (
				B307BD5F2FBB0D6500E776C0 /* Debug */,
				B307BD602FBB0D6500E776C0 /* Release */,
			);
			defaultConfigurationIsVisible = 0;
			defaultConfigurationName = Release;
		};
		B3FBDA332EF02BCC00198DD6 /* Build configuration list for PBXProject "One Kick" */ = {
			isa = XCConfigurationList;
			buildConfigurations = (
				B3FBDA412EF02BCE00198DD6 /* Debug */,
				B3FBDA422EF02BCE00198DD6 /* Release */,
			);
			defaultConfigurationIsVisible = 0;
			defaultConfigurationName = Release;
		};
		B3FBDA432EF02BCE00198DD6 /* Build configuration list for PBXNativeTarget "One Kick" */ = {
			isa = XCConfigurationList;
			buildConfigurations = (
				B3FBDA442EF02BCE00198DD6 /* Debug */,
				B3FBDA452EF02BCE00198DD6 /* Release */,
			);
			defaultConfigurationIsVisible = 0;
			defaultConfigurationName = Release;
		};
/* End XCConfigurationList section */

/* Begin XCRemoteSwiftPackageReference section */
		B30569352F76F50E0018A25F /* XCRemoteSwiftPackageReference "firebase-ios-sdk" */ = {
			isa = XCRemoteSwiftPackageReference;
			repositoryURL = "https://github.com/firebase/firebase-ios-sdk";
			requirement = {
				kind = upToNextMajorVersion;
				minimumVersion = 12.11.0;
			};
		};
		B3D60F942FD08C60008D2757 /* XCRemoteSwiftPackageReference "GoogleSignIn-iOS" */ = {
			isa = XCRemoteSwiftPackageReference;
			repositoryURL = "https://github.com/google/GoogleSignIn-iOS";
			requirement = {
				kind = upToNextMajorVersion;
				minimumVersion = 9.1.0;
			};
		};
/* End XCRemoteSwiftPackageReference section */

/* Begin XCSwiftPackageProductDependency section */
		B30569362F76F50E0018A25F /* FirebaseAuth */ = {
			isa = XCSwiftPackageProductDependency;
			package = B30569352F76F50E0018A25F /* XCRemoteSwiftPackageReference "firebase-ios-sdk" */;
			productName = FirebaseAuth;
		};
		B30569382F76F50E0018A25F /* FirebaseFirestore */ = {
			isa = XCSwiftPackageProductDependency;
			package = B30569352F76F50E0018A25F /* XCRemoteSwiftPackageReference "firebase-ios-sdk" */;
			productName = FirebaseFirestore;
		};
		B3A10A0A2FCECCAC006E655D /* FirebaseMessaging */ = {
			isa = XCSwiftPackageProductDependency;
			package = B30569352F76F50E0018A25F /* XCRemoteSwiftPackageReference "firebase-ios-sdk" */;
			productName = FirebaseMessaging;
		};
		B3D60F952FD08C60008D2757 /* GoogleSignIn */ = {
			isa = XCSwiftPackageProductDependency;
			package = B3D60F942FD08C60008D2757 /* XCRemoteSwiftPackageReference "GoogleSignIn-iOS" */;
			productName = GoogleSignIn;
		};
		B3D60F972FD08C60008D2757 /* GoogleSignInSwift */ = {
			isa = XCSwiftPackageProductDependency;
			package = B3D60F942FD08C60008D2757 /* XCRemoteSwiftPackageReference "GoogleSignIn-iOS" */;
			productName = GoogleSignInSwift;
		};
/* End XCSwiftPackageProductDependency section */
	};
	rootObject = B3FBDA302EF02BCC00198DD6 /* Project object */;
}
